{
  "name": "ab3ad",
  "lockfileVersion": 2,
  "requires": true,
  "packages": {
    "": {
      "dependencies": {
        "form-serializer": "^2.5.0"
      }
    },
    "node_modules/form-serializer": {
      "version": "2.5.0",
      "resolved": "https://registry.npmjs.org/form-serializer/-/form-serializer-2.5.0.tgz",
      "integrity": "sha512-/ywBrSMOWrbpVYJFuin0OuOnqTas7gER1Eimi43D1iqQvNF6z1vY8KcWkC/YGt8zPE9k8KmyDVwIth6e5C1nxg=="
    }
  },
  "dependencies": {
    "form-serializer": {
      "version": "2.5.0",
      "resolved": "https://registry.npmjs.org/form-serializer/-/form-serializer-2.5.0.tgz",
      "integrity": "sha512-/ywBrSMOWrbpVYJFuin0OuOnqTas7gER1Eimi43D1iqQvNF6z1vY8KcWkC/YGt8zPE9k8KmyDVwIth6e5C1nxg=="
    }
  }
}
